
Microsoft Visual Studio Solution File, Format Version 12.00
# Visual Studio 15
VisualStudioVersion = 15.0.27703.2026
MinimumVisualStudioVersion = 10.0.40219.1
Project("{FAE04EC0-301F-11D3-BF4B-00C04F79EFBC}") = "Ibistic.Public.OpenAirportData", "Ibistic.Public.OpenAirportData\Ibistic.Public.OpenAirportData.csproj", "{7E1E0BC0-6375-434C-9034-B81F2C273833}"
EndProject
Project("{9A19103F-16F7-4668-BE54-9A1E7A4F7556}") = "Ibistic.Public.OpenAirportData.Tests", "Ibistic.Public.OpenAirportData.Tests\Ibistic.Public.OpenAirportData.Tests.csproj", "{6324D31D-59D3-489D-A0FF-59998DCBF32A}"
	ProjectSection(ProjectDependencies) = postProject
		{7E1E0BC0-6375-434C-9034-B81F2C273833} = {7E1E0BC0-6375-434C-9034-B81F2C273833}
	EndProjectSection
EndProject
Global
	GlobalSection(SolutionConfigurationPlatforms) = preSolution
		Debug|Any CPU = Debug|Any CPU
		Release|Any CPU = Release|Any CPU
	EndGlobalSection
	GlobalSection(ProjectConfigurationPlatforms) = postSolution
		{7E1E0BC0-6375-434C-9034-B81F2C273833}.Debug|Any CPU.ActiveCfg = Debug|Any CPU
		{7E1E0BC0-6375-434C-9034-B81F2C273833}.Debug|Any CPU.Build.0 = Debug|Any CPU
		{7E1E0BC0-6375-434C-9034-B81F2C273833}.Release|Any CPU.ActiveCfg = Release|Any CPU
		{7E1E0BC0-6375-434C-9034-B81F2C273833}.Release|Any CPU.Build.0 = Release|Any CPU
		{6324D31D-59D3-489D-A0FF-59998DCBF32A}.Debug|Any CPU.ActiveCfg = Debug|Any CPU
		{6324D31D-59D3-489D-A0FF-59998DCBF32A}.Debug|Any CPU.Build.0 = Debug|Any CPU
		{6324D31D-59D3-489D-A0FF-59998DCBF32A}.Release|Any CPU.ActiveCfg = Release|Any CPU
		{6324D31D-59D3-489D-A0FF-59998DCBF32A}.Release|Any CPU.Build.0 = Release|Any CPU
	EndGlobalSection
	GlobalSection(SolutionProperties) = preSolution
		HideSolutionNode = FALSE
	EndGlobalSection
	GlobalSection(ExtensibilityGlobals) = postSolution
		SolutionGuid = {B783FFCD-AA49-4811-9272-5D96E8A33E36}
	EndGlobalSection
EndGlobal
