
Microsoft Visual Studio Solution File, Format Version 12.00
# Visual Studio Version 16
VisualStudioVersion = 16.0.29806.167
MinimumVisualStudioVersion = 10.0.40219.1
Project("{9A19103F-16F7-4668-BE54-9A1E7A4F7556}") = "Ibistic.Public.OpenAirportData", "Ibistic.Public.OpenAirportData\Ibistic.Public.OpenAirportData.csproj", "{7E1E0BC0-6375-434C-9034-B81F2C273833}"
EndProject
Project("{9A19103F-16F7-4668-BE54-9A1E7A4F7556}") = "Ibistic.Public.OpenAirportData.Tests", "Ibistic.Public.OpenAirportData.Tests\Ibistic.Public.OpenAirportData.Tests.csproj", "{B182F487-EA05-4CFD-9898-4DD1520BB8E0}"
EndProject
Global
	GlobalSection(SolutionConfigurationPlatforms) = preSolution
		Debug|Any CPU = Debug|Any CPU
		Release|Any CPU = Release|Any CPU
	EndGlobalSection
	GlobalSection(ProjectConfigurationPlatforms) = postSolution
		{7E1E0BC0-6375-434C-9034-B81F2C273833}.Debug|Any CPU.ActiveCfg = Debug|Any CPU
		{7E1E0BC0-6375-434C-9034-B81F2C273833}.Debug|Any CPU.Build.0 = Debug|Any CPU
		{7E1E0BC0-6375-434C-9034-B81F2C273833}.Release|Any CPU.ActiveCfg = Release|Any CPU
		{7E1E0BC0-6375-434C-9034-B81F2C273833}.Release|Any CPU.Build.0 = Release|Any CPU
		{B182F487-EA05-4CFD-9898-4DD1520BB8E0}.Debug|Any CPU.ActiveCfg = Debug|Any CPU
		{B182F487-EA05-4CFD-9898-4DD1520BB8E0}.Debug|Any CPU.Build.0 = Debug|Any CPU
		{B182F487-EA05-4CFD-9898-4DD1520BB8E0}.Release|Any CPU.ActiveCfg = Release|Any CPU
		{B182F487-EA05-4CFD-9898-4DD1520BB8E0}.Release|Any CPU.Build.0 = Release|Any CPU
	EndGlobalSection
	GlobalSection(SolutionProperties) = preSolution
		HideSolutionNode = FALSE
	EndGlobalSection
	GlobalSection(ExtensibilityGlobals) = postSolution
		SolutionGuid = {B783FFCD-AA49-4811-9272-5D96E8A33E36}
	EndGlobalSection
EndGlobal
